
Microsoft Visual Studio Solution File, Format Version 12.00
# Visual Studio 15
VisualStudioVersion = 15.0.27428.2037
MinimumVisualStudioVersion = 10.0.40219.1
Project("{8BC9CEB8-8B4A-11D0-8D11-00A0C91BC942}") = "TEAM_Character", "Project\TEAM_Character\TEAM_Character.vcxproj", "{E11B2763-CAD3-408A-8302-6C8683E0A3AD}"
EndProject
Project("{8BC9CEB8-8B4A-11D0-8D11-00A0C91BC942}") = "ACoreLibTEAM", "ACore\ACoreLibTEAM\ACoreLibTEAM.vcxproj", "{8414A7D0-1F19-4484-9314-711FE8DF5BE6}"
EndProject
Global
	GlobalSection(SolutionConfigurationPlatforms) = preSolution
		Debug|x64 = Debug|x64
		Debug|x86 = Debug|x86
		Release|x64 = Release|x64
		Release|x86 = Release|x86
	EndGlobalSection
	GlobalSection(ProjectConfigurationPlatforms) = postSolution
		{E11B2763-CAD3-408A-8302-6C8683E0A3AD}.Debug|x64.ActiveCfg = Debug|x64
		{E11B2763-CAD3-408A-8302-6C8683E0A3AD}.Debug|x64.Build.0 = Debug|x64
		{E11B2763-CAD3-408A-8302-6C8683E0A3AD}.Debug|x86.ActiveCfg = Debug|Win32
		{E11B2763-CAD3-408A-8302-6C8683E0A3AD}.Debug|x86.Build.0 = Debug|Win32
		{E11B2763-CAD3-408A-8302-6C8683E0A3AD}.Release|x64.ActiveCfg = Release|x64
		{E11B2763-CAD3-408A-8302-6C8683E0A3AD}.Release|x64.Build.0 = Release|x64
		{E11B2763-CAD3-408A-8302-6C8683E0A3AD}.Release|x86.ActiveCfg = Release|Win32
		{E11B2763-CAD3-408A-8302-6C8683E0A3AD}.Release|x86.Build.0 = Release|Win32
		{8414A7D0-1F19-4484-9314-711FE8DF5BE6}.Debug|x64.ActiveCfg = Debug|x64
		{8414A7D0-1F19-4484-9314-711FE8DF5BE6}.Debug|x64.Build.0 = Debug|x64
		{8414A7D0-1F19-4484-9314-711FE8DF5BE6}.Debug|x86.ActiveCfg = Debug|Win32
		{8414A7D0-1F19-4484-9314-711FE8DF5BE6}.Debug|x86.Build.0 = Debug|Win32
		{8414A7D0-1F19-4484-9314-711FE8DF5BE6}.Release|x64.ActiveCfg = Release|x64
		{8414A7D0-1F19-4484-9314-711FE8DF5BE6}.Release|x64.Build.0 = Release|x64
		{8414A7D0-1F19-4484-9314-711FE8DF5BE6}.Release|x86.ActiveCfg = Release|Win32
		{8414A7D0-1F19-4484-9314-711FE8DF5BE6}.Release|x86.Build.0 = Release|Win32
	EndGlobalSection
	GlobalSection(SolutionProperties) = preSolution
		HideSolutionNode = FALSE
	EndGlobalSection
	GlobalSection(ExtensibilityGlobals) = postSolution
		SolutionGuid = {81F69D40-3B7B-416A-8174-B0D252D8793D}
	EndGlobalSection
EndGlobal
