<?xml version="1.0" encoding="utf-8"?>
<Project ToolsVersion="4.0" xmlns="http://schemas.microsoft.com/developer/msbuild/2003">
  <ItemGroup>
    <Filter Include="소스 파일">
      <UniqueIdentifier>{4FC737F1-C7A5-4376-A066-2A32D752A2FF}</UniqueIdentifier>
      <Extensions>cpp;c;cc;cxx;def;odl;idl;hpj;bat;asm;asmx</Extensions>
    </Filter>
    <Filter Include="헤더 파일">
      <UniqueIdentifier>{93995380-89BD-4b04-88EB-625FBE52EBFB}</UniqueIdentifier>
      <Extensions>h;hh;hpp;hxx;hm;inl;inc;ipp;xsd</Extensions>
    </Filter>
    <Filter Include="리소스 파일">
      <UniqueIdentifier>{67DA6AB6-F800-4c08-8B7A-83BB121AAD01}</UniqueIdentifier>
      <Extensions>rc;ico;cur;bmp;dlg;rc2;rct;bin;rgs;gif;jpg;jpeg;jpe;resx;tiff;tif;png;wav;mfcribbon-ms</Extensions>
    </Filter>
    <Filter Include="MAP">
      <UniqueIdentifier>{18c2c928-d0b0-4faf-aab6-18cb0b2fde3d}</UniqueIdentifier>
    </Filter>
  </ItemGroup>
  <ItemGroup>
    <ClCompile Include="ADxHelperEx.cpp">
      <Filter>소스 파일</Filter>
    </ClCompile>
    <ClCompile Include="AHeroObj.cpp">
      <Filter>소스 파일</Filter>
    </ClCompile>
    <ClCompile Include="ALoadToken.cpp">
      <Filter>소스 파일</Filter>
    </ClCompile>
    <ClCompile Include="AMesh.cpp">
      <Filter>소스 파일</Filter>
    </ClCompile>
    <ClCompile Include="AModel.cpp">
      <Filter>소스 파일</Filter>
    </ClCompile>
    <ClCompile Include="AModelObj.cpp">
      <Filter>소스 파일</Filter>
    </ClCompile>
    <ClCompile Include="AObjMgr.cpp">
      <Filter>소스 파일</Filter>
    </ClCompile>
    <ClCompile Include="ASkinObj.cpp">
      <Filter>소스 파일</Filter>
    </ClCompile>
    <ClCompile Include="ATexture.cpp">
      <Filter>소스 파일</Filter>
    </ClCompile>
    <ClCompile Include="ABoneObj.cpp">
      <Filter>소스 파일</Filter>
    </ClCompile>
    <ClCompile Include="ACharacter.cpp">
      <Filter>소스 파일</Filter>
    </ClCompile>
    <ClCompile Include="ACharacterLoader.cpp">
      <Filter>소스 파일</Filter>
    </ClCompile>
    <ClCompile Include="ACharMgr.cpp">
      <Filter>소스 파일</Filter>
    </ClCompile>
    <ClCompile Include="AMapObj.cpp">
      <Filter>MAP</Filter>
    </ClCompile>
    <ClCompile Include="AMapMgr.cpp">
      <Filter>MAP</Filter>
    </ClCompile>
  </ItemGroup>
  <ItemGroup>
    <ClInclude Include="ADxHelperEx.h">
      <Filter>헤더 파일</Filter>
    </ClInclude>
    <ClInclude Include="ADxObjStd.h">
      <Filter>헤더 파일</Filter>
    </ClInclude>
    <ClInclude Include="ADxStd.h">
      <Filter>헤더 파일</Filter>
    </ClInclude>
    <ClInclude Include="AHeroObj.h">
      <Filter>헤더 파일</Filter>
    </ClInclude>
    <ClInclude Include="ALoadToken.h">
      <Filter>헤더 파일</Filter>
    </ClInclude>
    <ClInclude Include="AMesh.h">
      <Filter>헤더 파일</Filter>
    </ClInclude>
    <ClInclude Include="AModel.h">
      <Filter>헤더 파일</Filter>
    </ClInclude>
    <ClInclude Include="AModelObj.h">
      <Filter>헤더 파일</Filter>
    </ClInclude>
    <ClInclude Include="AObjMgr.h">
      <Filter>헤더 파일</Filter>
    </ClInclude>
    <ClInclude Include="ASkinObj.h">
      <Filter>헤더 파일</Filter>
    </ClInclude>
    <ClInclude Include="AStd.h">
      <Filter>헤더 파일</Filter>
    </ClInclude>
    <ClInclude Include="ATexture.h">
      <Filter>헤더 파일</Filter>
    </ClInclude>
    <ClInclude Include="AAseObjStd.h">
      <Filter>헤더 파일</Filter>
    </ClInclude>
    <ClInclude Include="ABaseObj.h">
      <Filter>헤더 파일</Filter>
    </ClInclude>
    <ClInclude Include="ABoneObj.h">
      <Filter>헤더 파일</Filter>
    </ClInclude>
    <ClInclude Include="ACamera.h">
      <Filter>헤더 파일</Filter>
    </ClInclude>
    <ClInclude Include="ACharacter.h">
      <Filter>헤더 파일</Filter>
    </ClInclude>
    <ClInclude Include="ACharacterLoader.h">
      <Filter>헤더 파일</Filter>
    </ClInclude>
    <ClInclude Include="ACharMgr.h">
      <Filter>헤더 파일</Filter>
    </ClInclude>
    <ClInclude Include="_ActionList.h">
      <Filter>헤더 파일</Filter>
    </ClInclude>
    <ClInclude Include="AMapObj.h">
      <Filter>MAP</Filter>
    </ClInclude>
    <ClInclude Include="AMapMgr.h">
      <Filter>MAP</Filter>
    </ClInclude>
  </ItemGroup>
</Project>